# VERSIONS.lock — Codex-LOOP-Build-F2 environment package
# Generated by claude_fable_5 (Phase3-EnvSetup). All values verified in-environment
# or against research_findings_phase1.md (facts verified 2026-08-08 via primary sources).

[cli]
codex_cli = "0.147.0"            # codex-cli 0.147.0 (npm @openai/codex), REAL: installed and version-checked in this environment
codex_cli_version = "0.147.0"   # machine-readable alias consumed by harness/smoke_gate.sh version check
node = "v22.23.2"                # Node.js 22 LTS "Jod", REAL: installed from official nodejs.org tarball
npm = "10.9.8"                   # bundled with Node v22.23.2

[models]
# Tier names per research_findings_phase1.md §7 (OpenAI models page, verified 2026-08-08).
# gpt-5.6 is an alias of gpt-5.6-sol; CLI 0.147.0 banner confirms default model gpt-5.6-sol (REAL).
high = "gpt-5.6"                 # flagship (gpt-5.6-sol); Sol main thread + reviewer.toml
mid = "gpt-5.6-terra"            # balanced; optional mid-tier roles
low = "gpt-5.6-luna"             # cost-sensitive; worker.toml + duty_officer.toml
# Avoid gpt-5.4 / gpt-5.4-mini: retired from ChatGPT-auth Codex on 2026-08-31
# (research_findings_phase1.md §7, codex-docs changelog).

[reasoning_effort]
high = "high"                    # pin for high-tier roles (model_reasoning_effort)
low = "low"                      # pin for low-tier roles (model_reasoning_effort)

[ipybox]
image = "ghcr.io/gradion-ai/ipybox"   # conditional-enable only; Docker absent in build env (see environment_setup_log.md §5)

[meta]
verification_date = "2026-08-10"  # post-fix independent re-verification (was 2026-08-08 build-time verification)
determination = "B-level"        # Codex CLI installed but not authenticated (401); see environment_setup_log.md §4/§6
# Re-verification 2026-08-10 (independent verifier, post-audit-fix repack):
#   - full pytest: 179 passed / 0 failed (Python 3.x, package tests/)
#   - smoke gate: all 3 assertions PASS with default METER_LOG (mock codex driver), exit 0
#   - verifier sandbox measured codex-cli 0.130.0 (401 unauthenticated) and node v20.20.1;
#     the pins above (codex_cli 0.147.0, node v22.23.2) are the build-time record and are
#     VERSION_BOUND — re-run harness/smoke_gate.sh on the deployment machine to re-pin.
sources = "research_findings_phase1.md (Phase 1 research, all facts verified 2026-08-08 against primary sources: developers.openai.com models page, learn.chatgpt.com docs, npmjs.com, github.com/openai/codex, codex-docs changelog)"
